// !$*UTF8*$!
{
	archiveVersion = 1;
	classes = {
	};
	objectVersion = 48;
	objects = {

/* Begin PBXBuildFile section */
		10166D231E101C6B00627A76 /* MSFramework.h in Headers */ = {isa = PBXBuildFile; fileRef = 10166D211E101C6B00627A76 /* MSFramework.h */; settings = {ATTRIBUTES = (Public, ); }; };
		10166D771E101C8F00627A76 /* AES.swift in Sources */ = {isa = PBXBuildFile; fileRef = 10166D2B1E101C8F00627A76 /* AES.swift */; };
		10166D781E101C8F00627A76 /* Array+Extension.swift in Sources */ = {isa = PBXBuildFile; fileRef = 10166D2C1E101C8F00627A76 /* Array+Extension.swift */; };
		10166D791E101C8F00627A76 /* Authenticator.swift in Sources */ = {isa = PBXBuildFile; fileRef = 10166D2D1E101C8F00627A76 /* Authenticator.swift */; };
		10166D7A1E101C8F00627A76 /* Bit.swift in Sources */ = {isa = PBXBuildFile; fileRef = 10166D2E1E101C8F00627A76 /* Bit.swift */; };
		10166D7B1E101C8F00627A76 /* BlockCipher.swift in Sources */ = {isa = PBXBuildFile; fileRef = 10166D2F1E101C8F00627A76 /* BlockCipher.swift */; };
		10166D7C1E101C8F00627A76 /* BlockMode.swift in Sources */ = {isa = PBXBuildFile; fileRef = 10166D311E101C8F00627A76 /* BlockMode.swift */; };
		10166D7D1E101C8F00627A76 /* BlockModeOptions.swift in Sources */ = {isa = PBXBuildFile; fileRef = 10166D321E101C8F00627A76 /* BlockModeOptions.swift */; };
		10166D7E1E101C8F00627A76 /* BlockModeWorker.swift in Sources */ = {isa = PBXBuildFile; fileRef = 10166D331E101C8F00627A76 /* BlockModeWorker.swift */; };
		10166D7F1E101C8F00627A76 /* CBC.swift in Sources */ = {isa = PBXBuildFile; fileRef = 10166D341E101C8F00627A76 /* CBC.swift */; };
		10166D801E101C8F00627A76 /* CFB.swift in Sources */ = {isa = PBXBuildFile; fileRef = 10166D351E101C8F00627A76 /* CFB.swift */; };
		10166D811E101C8F00627A76 /* CTR.swift in Sources */ = {isa = PBXBuildFile; fileRef = 10166D361E101C8F00627A76 /* CTR.swift */; };
		10166D821E101C8F00627A76 /* ECB.swift in Sources */ = {isa = PBXBuildFile; fileRef = 10166D371E101C8F00627A76 /* ECB.swift */; };
		10166D831E101C8F00627A76 /* OFB.swift in Sources */ = {isa = PBXBuildFile; fileRef = 10166D381E101C8F00627A76 /* OFB.swift */; };
		10166D841E101C8F00627A76 /* PCBC.swift in Sources */ = {isa = PBXBuildFile; fileRef = 10166D391E101C8F00627A76 /* PCBC.swift */; };
		10166D851E101C8F00627A76 /* RandomAccessBlockModeWorker.swift in Sources */ = {isa = PBXBuildFile; fileRef = 10166D3A1E101C8F00627A76 /* RandomAccessBlockModeWorker.swift */; };
		10166D861E101C8F00627A76 /* Blowfish.swift in Sources */ = {isa = PBXBuildFile; fileRef = 10166D3B1E101C8F00627A76 /* Blowfish.swift */; };
		10166D871E101C8F00627A76 /* BytesSequence.swift in Sources */ = {isa = PBXBuildFile; fileRef = 10166D3C1E101C8F00627A76 /* BytesSequence.swift */; };
		10166D881E101C8F00627A76 /* ChaCha20.swift in Sources */ = {isa = PBXBuildFile; fileRef = 10166D3D1E101C8F00627A76 /* ChaCha20.swift */; };
		10166D891E101C8F00627A76 /* Checksum.swift in Sources */ = {isa = PBXBuildFile; fileRef = 10166D3E1E101C8F00627A76 /* Checksum.swift */; };
		10166D8A1E101C8F00627A76 /* Cipher.swift in Sources */ = {isa = PBXBuildFile; fileRef = 10166D3F1E101C8F00627A76 /* Cipher.swift */; };
		10166D8B1E101C8F00627A76 /* Collection+Extension.swift in Sources */ = {isa = PBXBuildFile; fileRef = 10166D401E101C8F00627A76 /* Collection+Extension.swift */; };
		10166D8C1E101C8F00627A76 /* Cryptors.swift in Sources */ = {isa = PBXBuildFile; fileRef = 10166D411E101C8F00627A76 /* Cryptors.swift */; };
		10166D8D1E101C8F00627A76 /* CSArrayType+Extensions.swift in Sources */ = {isa = PBXBuildFile; fileRef = 10166D421E101C8F00627A76 /* CSArrayType+Extensions.swift */; };
		10166D8E1E101C8F00627A76 /* Digest.swift in Sources */ = {isa = PBXBuildFile; fileRef = 10166D431E101C8F00627A76 /* Digest.swift */; };
		10166D8F1E101C8F00627A76 /* DigestType.swift in Sources */ = {isa = PBXBuildFile; fileRef = 10166D441E101C8F00627A76 /* DigestType.swift */; };
		10166D901E101C8F00627A76 /* AES+Foundation.swift in Sources */ = {isa = PBXBuildFile; fileRef = 10166D461E101C8F00627A76 /* AES+Foundation.swift */; };
		10166D911E101C8F00627A76 /* Blowfish+Foundation.swift in Sources */ = {isa = PBXBuildFile; fileRef = 10166D471E101C8F00627A76 /* Blowfish+Foundation.swift */; };
		10166D921E101C8F00627A76 /* ChaCha20+Foundation.swift in Sources */ = {isa = PBXBuildFile; fileRef = 10166D481E101C8F00627A76 /* ChaCha20+Foundation.swift */; };
		10166D931E101C8F00627A76 /* CSArrayType+Foundation.swift in Sources */ = {isa = PBXBuildFile; fileRef = 10166D491E101C8F00627A76 /* CSArrayType+Foundation.swift */; };
		10166D941E101C8F00627A76 /* Data+Extension.swift in Sources */ = {isa = PBXBuildFile; fileRef = 10166D4A1E101C8F00627A76 /* Data+Extension.swift */; };
		10166D951E101C8F00627A76 /* HMAC+Foundation.swift in Sources */ = {isa = PBXBuildFile; fileRef = 10166D4B1E101C8F00627A76 /* HMAC+Foundation.swift */; };
		10166D961E101C8F00627A76 /* Rabbit+Foundation.swift in Sources */ = {isa = PBXBuildFile; fileRef = 10166D4C1E101C8F00627A76 /* Rabbit+Foundation.swift */; };
		10166D971E101C8F00627A76 /* String+FoundationExtension.swift in Sources */ = {isa = PBXBuildFile; fileRef = 10166D4D1E101C8F00627A76 /* String+FoundationExtension.swift */; };
		10166D981E101C8F00627A76 /* Utils+Foundation.swift in Sources */ = {isa = PBXBuildFile; fileRef = 10166D4E1E101C8F00627A76 /* Utils+Foundation.swift */; };
		10166D991E101C8F00627A76 /* Generics.swift in Sources */ = {isa = PBXBuildFile; fileRef = 10166D4F1E101C8F00627A76 /* Generics.swift */; };
		10166D9A1E101C8F00627A76 /* HMAC.swift in Sources */ = {isa = PBXBuildFile; fileRef = 10166D501E101C8F00627A76 /* HMAC.swift */; };
		10166D9B1E101C8F00627A76 /* Info.plist in Resources */ = {isa = PBXBuildFile; fileRef = 10166D511E101C8F00627A76 /* Info.plist */; };
		10166D9C1E101C8F00627A76 /* Int+Extension.swift in Sources */ = {isa = PBXBuildFile; fileRef = 10166D521E101C8F00627A76 /* Int+Extension.swift */; };
		10166D9D1E101C8F00627A76 /* IntegerConvertible.swift in Sources */ = {isa = PBXBuildFile; fileRef = 10166D531E101C8F00627A76 /* IntegerConvertible.swift */; };
		10166D9E1E101C8F00627A76 /* MD5.swift in Sources */ = {isa = PBXBuildFile; fileRef = 10166D541E101C8F00627A76 /* MD5.swift */; };
		10166D9F1E101C8F00627A76 /* NoPadding.swift in Sources */ = {isa = PBXBuildFile; fileRef = 10166D551E101C8F00627A76 /* NoPadding.swift */; };
		10166DA01E101C8F00627A76 /* Operators.swift in Sources */ = {isa = PBXBuildFile; fileRef = 10166D561E101C8F00627A76 /* Operators.swift */; };
		10166DA11E101C8F00627A76 /* Padding.swift in Sources */ = {isa = PBXBuildFile; fileRef = 10166D571E101C8F00627A76 /* Padding.swift */; };
		10166DA21E101C8F00627A76 /* PBKDF1.swift in Sources */ = {isa = PBXBuildFile; fileRef = 10166D591E101C8F00627A76 /* PBKDF1.swift */; };
		10166DA31E101C8F00627A76 /* PBKDF2.swift in Sources */ = {isa = PBXBuildFile; fileRef = 10166D5A1E101C8F00627A76 /* PBKDF2.swift */; };
		10166DA41E101C8F00627A76 /* PKCS5.swift in Sources */ = {isa = PBXBuildFile; fileRef = 10166D5B1E101C8F00627A76 /* PKCS5.swift */; };
		10166DA51E101C8F00627A76 /* PKCS7.swift in Sources */ = {isa = PBXBuildFile; fileRef = 10166D5C1E101C8F00627A76 /* PKCS7.swift */; };
		10166DA61E101C8F00627A76 /* Poly1305.swift in Sources */ = {isa = PBXBuildFile; fileRef = 10166D5D1E101C8F00627A76 /* Poly1305.swift */; };
		10166DA71E101C8F00627A76 /* Rabbit.swift in Sources */ = {isa = PBXBuildFile; fileRef = 10166D5E1E101C8F00627A76 /* Rabbit.swift */; };
		10166DA81E101C8F00627A76 /* RandomAccessCryptor.swift in Sources */ = {isa = PBXBuildFile; fileRef = 10166D5F1E101C8F00627A76 /* RandomAccessCryptor.swift */; };
		10166DA91E101C8F00627A76 /* RandomBytesSequence.swift in Sources */ = {isa = PBXBuildFile; fileRef = 10166D601E101C8F00627A76 /* RandomBytesSequence.swift */; };
		10166DAA1E101C8F00627A76 /* SecureBytes.swift in Sources */ = {isa = PBXBuildFile; fileRef = 10166D611E101C8F00627A76 /* SecureBytes.swift */; };
		10166DAB1E101C8F00627A76 /* SHA1.swift in Sources */ = {isa = PBXBuildFile; fileRef = 10166D621E101C8F00627A76 /* SHA1.swift */; };
		10166DAC1E101C8F00627A76 /* SHA2.swift in Sources */ = {isa = PBXBuildFile; fileRef = 10166D631E101C8F00627A76 /* SHA2.swift */; };
		10166DAD1E101C8F00627A76 /* SHA3.swift in Sources */ = {isa = PBXBuildFile; fileRef = 10166D641E101C8F00627A76 /* SHA3.swift */; };
		10166DAE1E101C8F00627A76 /* String+Extension.swift in Sources */ = {isa = PBXBuildFile; fileRef = 10166D651E101C8F00627A76 /* String+Extension.swift */; };
		10166DAF1E101C8F00627A76 /* UInt16+Extension.swift in Sources */ = {isa = PBXBuildFile; fileRef = 10166D661E101C8F00627A76 /* UInt16+Extension.swift */; };
		10166DB01E101C8F00627A76 /* UInt32+Extension.swift in Sources */ = {isa = PBXBuildFile; fileRef = 10166D671E101C8F00627A76 /* UInt32+Extension.swift */; };
		10166DB11E101C8F00627A76 /* UInt64+Extension.swift in Sources */ = {isa = PBXBuildFile; fileRef = 10166D681E101C8F00627A76 /* UInt64+Extension.swift */; };
		10166DB21E101C8F00627A76 /* UInt8+Extension.swift in Sources */ = {isa = PBXBuildFile; fileRef = 10166D691E101C8F00627A76 /* UInt8+Extension.swift */; };
		10166DB31E101C8F00627A76 /* Updatable.swift in Sources */ = {isa = PBXBuildFile; fileRef = 10166D6A1E101C8F00627A76 /* Updatable.swift */; };
		10166DB41E101C8F00627A76 /* Utils.swift in Sources */ = {isa = PBXBuildFile; fileRef = 10166D6B1E101C8F00627A76 /* Utils.swift */; };
		10166DB51E101C8F00627A76 /* ZeroPadding.swift in Sources */ = {isa = PBXBuildFile; fileRef = 10166D6C1E101C8F00627A76 /* ZeroPadding.swift */; };
		10166DCD1E101DFD00627A76 /* CoreData.framework in Frameworks */ = {isa = PBXBuildFile; fileRef = 10166DCC1E101DFD00627A76 /* CoreData.framework */; };
		10166DCE1E101F3100627A76 /* Data+Hex.swift in Sources */ = {isa = PBXBuildFile; fileRef = 10166D6E1E101C8F00627A76 /* Data+Hex.swift */; };
		10166DCF1E101F3100627A76 /* MSCoreDataStack.swift in Sources */ = {isa = PBXBuildFile; fileRef = 10166D6F1E101C8F00627A76 /* MSCoreDataStack.swift */; };
		10166DD01E101F3100627A76 /* MSFrameworkManager.swift in Sources */ = {isa = PBXBuildFile; fileRef = 10166D701E101C8F00627A76 /* MSFrameworkManager.swift */; };
		10166DD11E101F3100627A76 /* MSFrameworkDataSource.swift in Sources */ = {isa = PBXBuildFile; fileRef = 10166D711E101C8F00627A76 /* MSFrameworkDataSource.swift */; };
		10166DD21E101F3100627A76 /* MSDataDownloader.swift in Sources */ = {isa = PBXBuildFile; fileRef = 10166D721E101C8F00627A76 /* MSDataDownloader.swift */; };
		10166DD31E101F3100627A76 /* MSDataSizePrinter.swift in Sources */ = {isa = PBXBuildFile; fileRef = 10166D731E101C8F00627A76 /* MSDataSizePrinter.swift */; };
		10166DD41E101F3100627A76 /* MSDataUploader.swift in Sources */ = {isa = PBXBuildFile; fileRef = 10166D741E101C8F00627A76 /* MSDataUploader.swift */; };
		10166DD61E101F3100627A76 /* MSSQL.swift in Sources */ = {isa = PBXBuildFile; fileRef = 10166D761E101C8F00627A76 /* MSSQL.swift */; };
/* End PBXBuildFile section */

/* Begin PBXFileReference section */
		10166D1E1E101C6B00627A76 /* MSFramework.framework */ = {isa = PBXFileReference; explicitFileType = wrapper.framework; includeInIndex = 0; path = MSFramework.framework; sourceTree = BUILT_PRODUCTS_DIR; };
		10166D211E101C6B00627A76 /* MSFramework.h */ = {isa = PBXFileReference; lastKnownFileType = sourcecode.c.h; name = MSFramework.h; path = ../MSFramework.h; sourceTree = "<group>"; };
		10166D221E101C6B00627A76 /* Info.plist */ = {isa = PBXFileReference; lastKnownFileType = text.plist.xml; path = Info.plist; sourceTree = "<group>"; };
		10166D2B1E101C8F00627A76 /* AES.swift */ = {isa = PBXFileReference; fileEncoding = 4; lastKnownFileType = sourcecode.swift; name = AES.swift; path = CryptoSwift/AES.swift; sourceTree = "<group>"; };
		10166D2C1E101C8F00627A76 /* Array+Extension.swift */ = {isa = PBXFileReference; fileEncoding = 4; lastKnownFileType = sourcecode.swift; name = "Array+Extension.swift"; path = "CryptoSwift/Array+Extension.swift"; sourceTree = "<group>"; };
		10166D2D1E101C8F00627A76 /* Authenticator.swift */ = {isa = PBXFileReference; fileEncoding = 4; lastKnownFileType = sourcecode.swift; name = Authenticator.swift; path = CryptoSwift/Authenticator.swift; sourceTree = "<group>"; };
		10166D2E1E101C8F00627A76 /* Bit.swift */ = {isa = PBXFileReference; fileEncoding = 4; lastKnownFileType = sourcecode.swift; name = Bit.swift; path = CryptoSwift/Bit.swift; sourceTree = "<group>"; };
		10166D2F1E101C8F00627A76 /* BlockCipher.swift */ = {isa = PBXFileReference; fileEncoding = 4; lastKnownFileType = sourcecode.swift; name = BlockCipher.swift; path = CryptoSwift/BlockCipher.swift; sourceTree = "<group>"; };
		10166D311E101C8F00627A76 /* BlockMode.swift */ = {isa = PBXFileReference; fileEncoding = 4; lastKnownFileType = sourcecode.swift; path = BlockMode.swift; sourceTree = "<group>"; };
		10166D321E101C8F00627A76 /* BlockModeOptions.swift */ = {isa = PBXFileReference; fileEncoding = 4; lastKnownFileType = sourcecode.swift; path = BlockModeOptions.swift; sourceTree = "<group>"; };
		10166D331E101C8F00627A76 /* BlockModeWorker.swift */ = {isa = PBXFileReference; fileEncoding = 4; lastKnownFileType = sourcecode.swift; path = BlockModeWorker.swift; sourceTree = "<group>"; };
		10166D341E101C8F00627A76 /* CBC.swift */ = {isa = PBXFileReference; fileEncoding = 4; lastKnownFileType = sourcecode.swift; path = CBC.swift; sourceTree = "<group>"; };
		10166D351E101C8F00627A76 /* CFB.swift */ = {isa = PBXFileReference; fileEncoding = 4; lastKnownFileType = sourcecode.swift; path = CFB.swift; sourceTree = "<group>"; };
		10166D361E101C8F00627A76 /* CTR.swift */ = {isa = PBXFileReference; fileEncoding = 4; lastKnownFileType = sourcecode.swift; path = CTR.swift; sourceTree = "<group>"; };
		10166D371E101C8F00627A76 /* ECB.swift */ = {isa = PBXFileReference; fileEncoding = 4; lastKnownFileType = sourcecode.swift; path = ECB.swift; sourceTree = "<group>"; };
		10166D381E101C8F00627A76 /* OFB.swift */ = {isa = PBXFileReference; fileEncoding = 4; lastKnownFileType = sourcecode.swift; path = OFB.swift; sourceTree = "<group>"; };
		10166D391E101C8F00627A76 /* PCBC.swift */ = {isa = PBXFileReference; fileEncoding = 4; lastKnownFileType = sourcecode.swift; path = PCBC.swift; sourceTree = "<group>"; };
		10166D3A1E101C8F00627A76 /* RandomAccessBlockModeWorker.swift */ = {isa = PBXFileReference; fileEncoding = 4; lastKnownFileType = sourcecode.swift; path = RandomAccessBlockModeWorker.swift; sourceTree = "<group>"; };
		10166D3B1E101C8F00627A76 /* Blowfish.swift */ = {isa = PBXFileReference; fileEncoding = 4; lastKnownFileType = sourcecode.swift; name = Blowfish.swift; path = CryptoSwift/Blowfish.swift; sourceTree = "<group>"; };
		10166D3C1E101C8F00627A76 /* BytesSequence.swift */ = {isa = PBXFileReference; fileEncoding = 4; lastKnownFileType = sourcecode.swift; name = BytesSequence.swift; path = CryptoSwift/BytesSequence.swift; sourceTree = "<group>"; };
		10166D3D1E101C8F00627A76 /* ChaCha20.swift */ = {isa = PBXFileReference; fileEncoding = 4; lastKnownFileType = sourcecode.swift; name = ChaCha20.swift; path = CryptoSwift/ChaCha20.swift; sourceTree = "<group>"; };
		10166D3E1E101C8F00627A76 /* Checksum.swift */ = {isa = PBXFileReference; fileEncoding = 4; lastKnownFileType = sourcecode.swift; name = Checksum.swift; path = CryptoSwift/Checksum.swift; sourceTree = "<group>"; };
		10166D3F1E101C8F00627A76 /* Cipher.swift */ = {isa = PBXFileReference; fileEncoding = 4; lastKnownFileType = sourcecode.swift; name = Cipher.swift; path = CryptoSwift/Cipher.swift; sourceTree = "<group>"; };
		10166D401E101C8F00627A76 /* Collection+Extension.swift */ = {isa = PBXFileReference; fileEncoding = 4; lastKnownFileType = sourcecode.swift; name = "Collection+Extension.swift"; path = "CryptoSwift/Collection+Extension.swift"; sourceTree = "<group>"; };
		10166D411E101C8F00627A76 /* Cryptors.swift */ = {isa = PBXFileReference; fileEncoding = 4; lastKnownFileType = sourcecode.swift; name = Cryptors.swift; path = CryptoSwift/Cryptors.swift; sourceTree = "<group>"; };
		10166D421E101C8F00627A76 /* CSArrayType+Extensions.swift */ = {isa = PBXFileReference; fileEncoding = 4; lastKnownFileType = sourcecode.swift; name = "CSArrayType+Extensions.swift"; path = "CryptoSwift/CSArrayType+Extensions.swift"; sourceTree = "<group>"; };
		10166D431E101C8F00627A76 /* Digest.swift */ = {isa = PBXFileReference; fileEncoding = 4; lastKnownFileType = sourcecode.swift; name = Digest.swift; path = CryptoSwift/Digest.swift; sourceTree = "<group>"; };
		10166D441E101C8F00627A76 /* DigestType.swift */ = {isa = PBXFileReference; fileEncoding = 4; lastKnownFileType = sourcecode.swift; name = DigestType.swift; path = CryptoSwift/DigestType.swift; sourceTree = "<group>"; };
		10166D461E101C8F00627A76 /* AES+Foundation.swift */ = {isa = PBXFileReference; fileEncoding = 4; lastKnownFileType = sourcecode.swift; path = "AES+Foundation.swift"; sourceTree = "<group>"; };
		10166D471E101C8F00627A76 /* Blowfish+Foundation.swift */ = {isa = PBXFileReference; fileEncoding = 4; lastKnownFileType = sourcecode.swift; path = "Blowfish+Foundation.swift"; sourceTree = "<group>"; };
		10166D481E101C8F00627A76 /* ChaCha20+Foundation.swift */ = {isa = PBXFileReference; fileEncoding = 4; lastKnownFileType = sourcecode.swift; path = "ChaCha20+Foundation.swift"; sourceTree = "<group>"; };
		10166D491E101C8F00627A76 /* CSArrayType+Foundation.swift */ = {isa = PBXFileReference; fileEncoding = 4; lastKnownFileType = sourcecode.swift; path = "CSArrayType+Foundation.swift"; sourceTree = "<group>"; };
		10166D4A1E101C8F00627A76 /* Data+Extension.swift */ = {isa = PBXFileReference; fileEncoding = 4; lastKnownFileType = sourcecode.swift; path = "Data+Extension.swift"; sourceTree = "<group>"; };
		10166D4B1E101C8F00627A76 /* HMAC+Foundation.swift */ = {isa = PBXFileReference; fileEncoding = 4; lastKnownFileType = sourcecode.swift; path = "HMAC+Foundation.swift"; sourceTree = "<group>"; };
		10166D4C1E101C8F00627A76 /* Rabbit+Foundation.swift */ = {isa = PBXFileReference; fileEncoding = 4; lastKnownFileType = sourcecode.swift; path = "Rabbit+Foundation.swift"; sourceTree = "<group>"; };
		10166D4D1E101C8F00627A76 /* String+FoundationExtension.swift */ = {isa = PBXFileReference; fileEncoding = 4; lastKnownFileType = sourcecode.swift; path = "String+FoundationExtension.swift"; sourceTree = "<group>"; };
		10166D4E1E101C8F00627A76 /* Utils+Foundation.swift */ = {isa = PBXFileReference; fileEncoding = 4; lastKnownFileType = sourcecode.swift; path = "Utils+Foundation.swift"; sourceTree = "<group>"; };
		10166D4F1E101C8F00627A76 /* Generics.swift */ = {isa = PBXFileReference; fileEncoding = 4; lastKnownFileType = sourcecode.swift; name = Generics.swift; path = CryptoSwift/Generics.swift; sourceTree = "<group>"; };
		10166D501E101C8F00627A76 /* HMAC.swift */ = {isa = PBXFileReference; fileEncoding = 4; lastKnownFileType = sourcecode.swift; name = HMAC.swift; path = CryptoSwift/HMAC.swift; sourceTree = "<group>"; };
		10166D511E101C8F00627A76 /* Info.plist */ = {isa = PBXFileReference; fileEncoding = 4; lastKnownFileType = text.plist.xml; name = Info.plist; path = CryptoSwift/Info.plist; sourceTree = "<group>"; };
		10166D521E101C8F00627A76 /* Int+Extension.swift */ = {isa = PBXFileReference; fileEncoding = 4; lastKnownFileType = sourcecode.swift; name = "Int+Extension.swift"; path = "CryptoSwift/Int+Extension.swift"; sourceTree = "<group>"; };
		10166D531E101C8F00627A76 /* IntegerConvertible.swift */ = {isa = PBXFileReference; fileEncoding = 4; lastKnownFileType = sourcecode.swift; name = IntegerConvertible.swift; path = CryptoSwift/IntegerConvertible.swift; sourceTree = "<group>"; };
		10166D541E101C8F00627A76 /* MD5.swift */ = {isa = PBXFileReference; fileEncoding = 4; lastKnownFileType = sourcecode.swift; name = MD5.swift; path = CryptoSwift/MD5.swift; sourceTree = "<group>"; };
		10166D551E101C8F00627A76 /* NoPadding.swift */ = {isa = PBXFileReference; fileEncoding = 4; lastKnownFileType = sourcecode.swift; name = NoPadding.swift; path = CryptoSwift/NoPadding.swift; sourceTree = "<group>"; };
		10166D561E101C8F00627A76 /* Operators.swift */ = {isa = PBXFileReference; fileEncoding = 4; lastKnownFileType = sourcecode.swift; name = Operators.swift; path = CryptoSwift/Operators.swift; sourceTree = "<group>"; };
		10166D571E101C8F00627A76 /* Padding.swift */ = {isa = PBXFileReference; fileEncoding = 4; lastKnownFileType = sourcecode.swift; name = Padding.swift; path = CryptoSwift/Padding.swift; sourceTree = "<group>"; };
		10166D591E101C8F00627A76 /* PBKDF1.swift */ = {isa = PBXFileReference; fileEncoding = 4; lastKnownFileType = sourcecode.swift; path = PBKDF1.swift; sourceTree = "<group>"; };
		10166D5A1E101C8F00627A76 /* PBKDF2.swift */ = {isa = PBXFileReference; fileEncoding = 4; lastKnownFileType = sourcecode.swift; path = PBKDF2.swift; sourceTree = "<group>"; };
		10166D5B1E101C8F00627A76 /* PKCS5.swift */ = {isa = PBXFileReference; fileEncoding = 4; lastKnownFileType = sourcecode.swift; path = PKCS5.swift; sourceTree = "<group>"; };
		10166D5C1E101C8F00627A76 /* PKCS7.swift */ = {isa = PBXFileReference; fileEncoding = 4; lastKnownFileType = sourcecode.swift; name = PKCS7.swift; path = CryptoSwift/PKCS7.swift; sourceTree = "<group>"; };
		10166D5D1E101C8F00627A76 /* Poly1305.swift */ = {isa = PBXFileReference; fileEncoding = 4; lastKnownFileType = sourcecode.swift; name = Poly1305.swift; path = CryptoSwift/Poly1305.swift; sourceTree = "<group>"; };
		10166D5E1E101C8F00627A76 /* Rabbit.swift */ = {isa = PBXFileReference; fileEncoding = 4; lastKnownFileType = sourcecode.swift; name = Rabbit.swift; path = CryptoSwift/Rabbit.swift; sourceTree = "<group>"; };
		10166D5F1E101C8F00627A76 /* RandomAccessCryptor.swift */ = {isa = PBXFileReference; fileEncoding = 4; lastKnownFileType = sourcecode.swift; name = RandomAccessCryptor.swift; path = CryptoSwift/RandomAccessCryptor.swift; sourceTree = "<group>"; };
		10166D601E101C8F00627A76 /* RandomBytesSequence.swift */ = {isa = PBXFileReference; fileEncoding = 4; lastKnownFileType = sourcecode.swift; name = RandomBytesSequence.swift; path = CryptoSwift/RandomBytesSequence.swift; sourceTree = "<group>"; };
		10166D611E101C8F00627A76 /* SecureBytes.swift */ = {isa = PBXFileReference; fileEncoding = 4; lastKnownFileType = sourcecode.swift; name = SecureBytes.swift; path = CryptoSwift/SecureBytes.swift; sourceTree = "<group>"; };
		10166D621E101C8F00627A76 /* SHA1.swift */ = {isa = PBXFileReference; fileEncoding = 4; lastKnownFileType = sourcecode.swift; name = SHA1.swift; path = CryptoSwift/SHA1.swift; sourceTree = "<group>"; };
		10166D631E101C8F00627A76 /* SHA2.swift */ = {isa = PBXFileReference; fileEncoding = 4; lastKnownFileType = sourcecode.swift; name = SHA2.swift; path = CryptoSwift/SHA2.swift; sourceTree = "<group>"; };
		10166D641E101C8F00627A76 /* SHA3.swift */ = {isa = PBXFileReference; fileEncoding = 4; lastKnownFileType = sourcecode.swift; name = SHA3.swift; path = CryptoSwift/SHA3.swift; sourceTree = "<group>"; };
		10166D651E101C8F00627A76 /* String+Extension.swift */ = {isa = PBXFileReference; fileEncoding = 4; lastKnownFileType = sourcecode.swift; name = "String+Extension.swift"; path = "CryptoSwift/String+Extension.swift"; sourceTree = "<group>"; };
		10166D661E101C8F00627A76 /* UInt16+Extension.swift */ = {isa = PBXFileReference; fileEncoding = 4; lastKnownFileType = sourcecode.swift; name = "UInt16+Extension.swift"; path = "CryptoSwift/UInt16+Extension.swift"; sourceTree = "<group>"; };
		10166D671E101C8F00627A76 /* UInt32+Extension.swift */ = {isa = PBXFileReference; fileEncoding = 4; lastKnownFileType = sourcecode.swift; name = "UInt32+Extension.swift"; path = "CryptoSwift/UInt32+Extension.swift"; sourceTree = "<group>"; };
		10166D681E101C8F00627A76 /* UInt64+Extension.swift */ = {isa = PBXFileReference; fileEncoding = 4; lastKnownFileType = sourcecode.swift; name = "UInt64+Extension.swift"; path = "CryptoSwift/UInt64+Extension.swift"; sourceTree = "<group>"; };
		10166D691E101C8F00627A76 /* UInt8+Extension.swift */ = {isa = PBXFileReference; fileEncoding = 4; lastKnownFileType = sourcecode.swift; name = "UInt8+Extension.swift"; path = "CryptoSwift/UInt8+Extension.swift"; sourceTree = "<group>"; };
		10166D6A1E101C8F00627A76 /* Updatable.swift */ = {isa = PBXFileReference; fileEncoding = 4; lastKnownFileType = sourcecode.swift; name = Updatable.swift; path = CryptoSwift/Updatable.swift; sourceTree = "<group>"; };
		10166D6B1E101C8F00627A76 /* Utils.swift */ = {isa = PBXFileReference; fileEncoding = 4; lastKnownFileType = sourcecode.swift; name = Utils.swift; path = CryptoSwift/Utils.swift; sourceTree = "<group>"; };
		10166D6C1E101C8F00627A76 /* ZeroPadding.swift */ = {isa = PBXFileReference; fileEncoding = 4; lastKnownFileType = sourcecode.swift; name = ZeroPadding.swift; path = CryptoSwift/ZeroPadding.swift; sourceTree = "<group>"; };
		10166D6E1E101C8F00627A76 /* Data+Hex.swift */ = {isa = PBXFileReference; fileEncoding = 4; lastKnownFileType = sourcecode.swift; name = "Data+Hex.swift"; path = "../Data+Hex.swift"; sourceTree = "<group>"; };
		10166D6F1E101C8F00627A76 /* MSCoreDataStack.swift */ = {isa = PBXFileReference; fileEncoding = 4; lastKnownFileType = sourcecode.swift; name = MSCoreDataStack.swift; path = ../MSCoreDataStack.swift; sourceTree = "<group>"; };
		10166D701E101C8F00627A76 /* MSFrameworkManager.swift */ = {isa = PBXFileReference; fileEncoding = 4; lastKnownFileType = sourcecode.swift; lineEnding = 0; name = MSFrameworkManager.swift; path = ../MSFrameworkManager.swift; sourceTree = "<group>"; };
		10166D711E101C8F00627A76 /* MSFrameworkDataSource.swift */ = {isa = PBXFileReference; fileEncoding = 4; lastKnownFileType = sourcecode.swift; name = MSFrameworkDataSource.swift; path = ../MSFrameworkDataSource.swift; sourceTree = "<group>"; wrapsLines = 1; };
		10166D721E101C8F00627A76 /* MSDataDownloader.swift */ = {isa = PBXFileReference; fileEncoding = 4; lastKnownFileType = sourcecode.swift; name = MSDataDownloader.swift; path = ../MSDataDownloader.swift; sourceTree = "<group>"; };
		10166D731E101C8F00627A76 /* MSDataSizePrinter.swift */ = {isa = PBXFileReference; fileEncoding = 4; lastKnownFileType = sourcecode.swift; name = MSDataSizePrinter.swift; path = ../MSDataSizePrinter.swift; sourceTree = "<group>"; };
		10166D741E101C8F00627A76 /* MSDataUploader.swift */ = {isa = PBXFileReference; fileEncoding = 4; lastKnownFileType = sourcecode.swift; name = MSDataUploader.swift; path = ../MSDataUploader.swift; sourceTree = "<group>"; };
		10166D761E101C8F00627A76 /* MSSQL.swift */ = {isa = PBXFileReference; fileEncoding = 4; lastKnownFileType = sourcecode.swift; name = MSSQL.swift; path = ../MSSQL.swift; sourceTree = "<group>"; };
		10166DCC1E101DFD00627A76 /* CoreData.framework */ = {isa = PBXFileReference; lastKnownFileType = wrapper.framework; name = CoreData.framework; path = System/Library/Frameworks/CoreData.framework; sourceTree = SDKROOT; };
/* End PBXFileReference section */

/* Begin PBXFrameworksBuildPhase section */
		10166D1A1E101C6B00627A76 /* Frameworks */ = {
			isa = PBXFrameworksBuildPhase;
			buildActionMask = 2147483647;
			files = (
				10166DCD1E101DFD00627A76 /* CoreData.framework in Frameworks */,
			);
			runOnlyForDeploymentPostprocessing = 0;
		};
/* End PBXFrameworksBuildPhase section */

/* Begin PBXGroup section */
		10166D141E101C6B00627A76 = {
			isa = PBXGroup;
			children = (
				10166D201E101C6B00627A76 /* MSFramework */,
				10166D1F1E101C6B00627A76 /* Products */,
				10166DCB1E101DFD00627A76 /* Frameworks */,
			);
			sourceTree = "<group>";
		};
		10166D1F1E101C6B00627A76 /* Products */ = {
			isa = PBXGroup;
			children = (
				10166D1E1E101C6B00627A76 /* MSFramework.framework */,
			);
			name = Products;
			sourceTree = "<group>";
		};
		10166D201E101C6B00627A76 /* MSFramework */ = {
			isa = PBXGroup;
			children = (
				10166D291E101C8F00627A76 /* Sources */,
				10166D221E101C6B00627A76 /* Info.plist */,
			);
			path = MSFramework;
			sourceTree = "<group>";
		};
		10166D291E101C8F00627A76 /* Sources */ = {
			isa = PBXGroup;
			children = (
				10166DD81E10237D00627A76 /* MSFramework */,
				10166DDA1E10238D00627A76 /* CryptoSwift */,
			);
			path = Sources;
			sourceTree = "<group>";
		};
		10166D301E101C8F00627A76 /* BlockMode */ = {
			isa = PBXGroup;
			children = (
				10166D311E101C8F00627A76 /* BlockMode.swift */,
				10166D321E101C8F00627A76 /* BlockModeOptions.swift */,
				10166D331E101C8F00627A76 /* BlockModeWorker.swift */,
				10166D341E101C8F00627A76 /* CBC.swift */,
				10166D351E101C8F00627A76 /* CFB.swift */,
				10166D361E101C8F00627A76 /* CTR.swift */,
				10166D371E101C8F00627A76 /* ECB.swift */,
				10166D381E101C8F00627A76 /* OFB.swift */,
				10166D391E101C8F00627A76 /* PCBC.swift */,
				10166D3A1E101C8F00627A76 /* RandomAccessBlockModeWorker.swift */,
			);
			name = BlockMode;
			path = CryptoSwift/BlockMode;
			sourceTree = "<group>";
		};
		10166D451E101C8F00627A76 /* Foundation */ = {
			isa = PBXGroup;
			children = (
				10166D461E101C8F00627A76 /* AES+Foundation.swift */,
				10166D471E101C8F00627A76 /* Blowfish+Foundation.swift */,
				10166D481E101C8F00627A76 /* ChaCha20+Foundation.swift */,
				10166D491E101C8F00627A76 /* CSArrayType+Foundation.swift */,
				10166D4A1E101C8F00627A76 /* Data+Extension.swift */,
				10166D4B1E101C8F00627A76 /* HMAC+Foundation.swift */,
				10166D4C1E101C8F00627A76 /* Rabbit+Foundation.swift */,
				10166D4D1E101C8F00627A76 /* String+FoundationExtension.swift */,
				10166D4E1E101C8F00627A76 /* Utils+Foundation.swift */,
			);
			name = Foundation;
			path = CryptoSwift/Foundation;
			sourceTree = "<group>";
		};
		10166D581E101C8F00627A76 /* PKCS5 */ = {
			isa = PBXGroup;
			children = (
				10166D591E101C8F00627A76 /* PBKDF1.swift */,
				10166D5A1E101C8F00627A76 /* PBKDF2.swift */,
				10166D5B1E101C8F00627A76 /* PKCS5.swift */,
			);
			name = PKCS5;
			path = CryptoSwift/PKCS5;
			sourceTree = "<group>";
		};
		10166DCB1E101DFD00627A76 /* Frameworks */ = {
			isa = PBXGroup;
			children = (
				10166DCC1E101DFD00627A76 /* CoreData.framework */,
			);
			name = Frameworks;
			sourceTree = "<group>";
		};
		10166DD81E10237D00627A76 /* MSFramework */ = {
			isa = PBXGroup;
			children = (
				10166D6E1E101C8F00627A76 /* Data+Hex.swift */,
				10166D6F1E101C8F00627A76 /* MSCoreDataStack.swift */,
				10166D701E101C8F00627A76 /* MSFrameworkManager.swift */,
				10166D711E101C8F00627A76 /* MSFrameworkDataSource.swift */,
				10166D721E101C8F00627A76 /* MSDataDownloader.swift */,
				10166D741E101C8F00627A76 /* MSDataUploader.swift */,
				10166D731E101C8F00627A76 /* MSDataSizePrinter.swift */,
				10166D761E101C8F00627A76 /* MSSQL.swift */,
				10166D211E101C6B00627A76 /* MSFramework.h */,
			);
			name = MSFramework;
			sourceTree = "<group>";
		};
		10166DDA1E10238D00627A76 /* CryptoSwift */ = {
			isa = PBXGroup;
			children = (
				10166D2B1E101C8F00627A76 /* AES.swift */,
				10166D2C1E101C8F00627A76 /* Array+Extension.swift */,
				10166D2D1E101C8F00627A76 /* Authenticator.swift */,
				10166D2E1E101C8F00627A76 /* Bit.swift */,
				10166D2F1E101C8F00627A76 /* BlockCipher.swift */,
				10166D301E101C8F00627A76 /* BlockMode */,
				10166D3B1E101C8F00627A76 /* Blowfish.swift */,
				10166D3C1E101C8F00627A76 /* BytesSequence.swift */,
				10166D3D1E101C8F00627A76 /* ChaCha20.swift */,
				10166D3E1E101C8F00627A76 /* Checksum.swift */,
				10166D3F1E101C8F00627A76 /* Cipher.swift */,
				10166D401E101C8F00627A76 /* Collection+Extension.swift */,
				10166D411E101C8F00627A76 /* Cryptors.swift */,
				10166D421E101C8F00627A76 /* CSArrayType+Extensions.swift */,
				10166D431E101C8F00627A76 /* Digest.swift */,
				10166D441E101C8F00627A76 /* DigestType.swift */,
				10166D451E101C8F00627A76 /* Foundation */,
				10166D4F1E101C8F00627A76 /* Generics.swift */,
				10166D501E101C8F00627A76 /* HMAC.swift */,
				10166D511E101C8F00627A76 /* Info.plist */,
				10166D521E101C8F00627A76 /* Int+Extension.swift */,
				10166D531E101C8F00627A76 /* IntegerConvertible.swift */,
				10166D541E101C8F00627A76 /* MD5.swift */,
				10166D551E101C8F00627A76 /* NoPadding.swift */,
				10166D561E101C8F00627A76 /* Operators.swift */,
				10166D571E101C8F00627A76 /* Padding.swift */,
				10166D581E101C8F00627A76 /* PKCS5 */,
				10166D5C1E101C8F00627A76 /* PKCS7.swift */,
				10166D5D1E101C8F00627A76 /* Poly1305.swift */,
				10166D5E1E101C8F00627A76 /* Rabbit.swift */,
				10166D5F1E101C8F00627A76 /* RandomAccessCryptor.swift */,
				10166D601E101C8F00627A76 /* RandomBytesSequence.swift */,
				10166D611E101C8F00627A76 /* SecureBytes.swift */,
				10166D621E101C8F00627A76 /* SHA1.swift */,
				10166D631E101C8F00627A76 /* SHA2.swift */,
				10166D641E101C8F00627A76 /* SHA3.swift */,
				10166D651E101C8F00627A76 /* String+Extension.swift */,
				10166D661E101C8F00627A76 /* UInt16+Extension.swift */,
				10166D671E101C8F00627A76 /* UInt32+Extension.swift */,
				10166D681E101C8F00627A76 /* UInt64+Extension.swift */,
				10166D691E101C8F00627A76 /* UInt8+Extension.swift */,
				10166D6A1E101C8F00627A76 /* Updatable.swift */,
				10166D6B1E101C8F00627A76 /* Utils.swift */,
				10166D6C1E101C8F00627A76 /* ZeroPadding.swift */,
			);
			name = CryptoSwift;
			sourceTree = "<group>";
		};
/* End PBXGroup section */

/* Begin PBXHeadersBuildPhase section */
		10166D1B1E101C6B00627A76 /* Headers */ = {
			isa = PBXHeadersBuildPhase;
			buildActionMask = 2147483647;
			files = (
				10166D231E101C6B00627A76 /* MSFramework.h in Headers */,
			);
			runOnlyForDeploymentPostprocessing = 0;
		};
/* End PBXHeadersBuildPhase section */

/* Begin PBXNativeTarget section */
		10166D1D1E101C6B00627A76 /* MSFramework */ = {
			isa = PBXNativeTarget;
			buildConfigurationList = 10166D261E101C6B00627A76 /* Build configuration list for PBXNativeTarget "MSFramework" */;
			buildPhases = (
				10166D191E101C6B00627A76 /* Sources */,
				10166D1A1E101C6B00627A76 /* Frameworks */,
				10166D1B1E101C6B00627A76 /* Headers */,
				10166D1C1E101C6B00627A76 /* Resources */,
			);
			buildRules = (
			);
			dependencies = (
			);
			name = MSFramework;
			productName = MSFramework;
			productReference = 10166D1E1E101C6B00627A76 /* MSFramework.framework */;
			productType = "com.apple.product-type.framework";
		};
/* End PBXNativeTarget section */

/* Begin PBXProject section */
		10166D151E101C6B00627A76 /* Project object */ = {
			isa = PBXProject;
			attributes = {
				LastUpgradeCheck = 0820;
				ORGANIZATIONNAME = "Michael Schloss";
				TargetAttributes = {
					10166D1D1E101C6B00627A76 = {
						CreatedOnToolsVersion = 8.2.1;
						LastSwiftMigration = 0820;
						ProvisioningStyle = Automatic;
					};
				};
			};
			buildConfigurationList = 10166D181E101C6B00627A76 /* Build configuration list for PBXProject "MSFramework" */;
			compatibilityVersion = "Xcode 8.0";
			developmentRegion = English;
			hasScannedForEncodings = 0;
			knownRegions = (
				en,
			);
			mainGroup = 10166D141E101C6B00627A76;
			productRefGroup = 10166D1F1E101C6B00627A76 /* Products */;
			projectDirPath = "";
			projectRoot = "";
			targets = (
				10166D1D1E101C6B00627A76 /* MSFramework */,
			);
		};
/* End PBXProject section */

/* Begin PBXResourcesBuildPhase section */
		10166D1C1E101C6B00627A76 /* Resources */ = {
			isa = PBXResourcesBuildPhase;
			buildActionMask = 2147483647;
			files = (
				10166D9B1E101C8F00627A76 /* Info.plist in Resources */,
			);
			runOnlyForDeploymentPostprocessing = 0;
		};
/* End PBXResourcesBuildPhase section */

/* Begin PBXSourcesBuildPhase section */
		10166D191E101C6B00627A76 /* Sources */ = {
			isa = PBXSourcesBuildPhase;
			buildActionMask = 2147483647;
			files = (
				10166D771E101C8F00627A76 /* AES.swift in Sources */,
				10166DD41E101F3100627A76 /* MSDataUploader.swift in Sources */,
				10166D8B1E101C8F00627A76 /* Collection+Extension.swift in Sources */,
				10166D9A1E101C8F00627A76 /* HMAC.swift in Sources */,
				10166DB51E101C8F00627A76 /* ZeroPadding.swift in Sources */,
				10166D991E101C8F00627A76 /* Generics.swift in Sources */,
				10166DA61E101C8F00627A76 /* Poly1305.swift in Sources */,
				10166DA81E101C8F00627A76 /* RandomAccessCryptor.swift in Sources */,
				10166DD21E101F3100627A76 /* MSDataDownloader.swift in Sources */,
				10166D871E101C8F00627A76 /* BytesSequence.swift in Sources */,
				10166DD61E101F3100627A76 /* MSSQL.swift in Sources */,
				10166DAA1E101C8F00627A76 /* SecureBytes.swift in Sources */,
				10166DCF1E101F3100627A76 /* MSCoreDataStack.swift in Sources */,
				10166D8A1E101C8F00627A76 /* Cipher.swift in Sources */,
				10166D781E101C8F00627A76 /* Array+Extension.swift in Sources */,
				10166D9C1E101C8F00627A76 /* Int+Extension.swift in Sources */,
				10166DCE1E101F3100627A76 /* Data+Hex.swift in Sources */,
				10166DAC1E101C8F00627A76 /* SHA2.swift in Sources */,
				10166DB31E101C8F00627A76 /* Updatable.swift in Sources */,
				10166D891E101C8F00627A76 /* Checksum.swift in Sources */,
				10166D7E1E101C8F00627A76 /* BlockModeWorker.swift in Sources */,
				10166D8F1E101C8F00627A76 /* DigestType.swift in Sources */,
				10166D961E101C8F00627A76 /* Rabbit+Foundation.swift in Sources */,
				10166D9D1E101C8F00627A76 /* IntegerConvertible.swift in Sources */,
				10166DA21E101C8F00627A76 /* PBKDF1.swift in Sources */,
				10166DB01E101C8F00627A76 /* UInt32+Extension.swift in Sources */,
				10166D8C1E101C8F00627A76 /* Cryptors.swift in Sources */,
				10166D7F1E101C8F00627A76 /* CBC.swift in Sources */,
				10166D7C1E101C8F00627A76 /* BlockMode.swift in Sources */,
				10166DA01E101C8F00627A76 /* Operators.swift in Sources */,
				10166D951E101C8F00627A76 /* HMAC+Foundation.swift in Sources */,
				10166DAE1E101C8F00627A76 /* String+Extension.swift in Sources */,
				10166DB11E101C8F00627A76 /* UInt64+Extension.swift in Sources */,
				10166DAB1E101C8F00627A76 /* SHA1.swift in Sources */,
				10166DD11E101F3100627A76 /* MSFrameworkDataSource.swift in Sources */,
				10166D841E101C8F00627A76 /* PCBC.swift in Sources */,
				10166D921E101C8F00627A76 /* ChaCha20+Foundation.swift in Sources */,
				10166D7B1E101C8F00627A76 /* BlockCipher.swift in Sources */,
				10166D9E1E101C8F00627A76 /* MD5.swift in Sources */,
				10166D861E101C8F00627A76 /* Blowfish.swift in Sources */,
				10166DA51E101C8F00627A76 /* PKCS7.swift in Sources */,
				10166DA11E101C8F00627A76 /* Padding.swift in Sources */,
				10166D7D1E101C8F00627A76 /* BlockModeOptions.swift in Sources */,
				10166D8D1E101C8F00627A76 /* CSArrayType+Extensions.swift in Sources */,
				10166D941E101C8F00627A76 /* Data+Extension.swift in Sources */,
				10166DB21E101C8F00627A76 /* UInt8+Extension.swift in Sources */,
				10166D831E101C8F00627A76 /* OFB.swift in Sources */,
				10166D801E101C8F00627A76 /* CFB.swift in Sources */,
				10166D911E101C8F00627A76 /* Blowfish+Foundation.swift in Sources */,
				10166D791E101C8F00627A76 /* Authenticator.swift in Sources */,
				10166D7A1E101C8F00627A76 /* Bit.swift in Sources */,
				10166DAF1E101C8F00627A76 /* UInt16+Extension.swift in Sources */,
				10166DA41E101C8F00627A76 /* PKCS5.swift in Sources */,
				10166D851E101C8F00627A76 /* RandomAccessBlockModeWorker.swift in Sources */,
				10166D881E101C8F00627A76 /* ChaCha20.swift in Sources */,
				10166D821E101C8F00627A76 /* ECB.swift in Sources */,
				10166DA31E101C8F00627A76 /* PBKDF2.swift in Sources */,
				10166D981E101C8F00627A76 /* Utils+Foundation.swift in Sources */,
				10166D811E101C8F00627A76 /* CTR.swift in Sources */,
				10166D901E101C8F00627A76 /* AES+Foundation.swift in Sources */,
				10166DA71E101C8F00627A76 /* Rabbit.swift in Sources */,
				10166D971E101C8F00627A76 /* String+FoundationExtension.swift in Sources */,
				10166DD01E101F3100627A76 /* MSFrameworkManager.swift in Sources */,
				10166DB41E101C8F00627A76 /* Utils.swift in Sources */,
				10166D931E101C8F00627A76 /* CSArrayType+Foundation.swift in Sources */,
				10166DD31E101F3100627A76 /* MSDataSizePrinter.swift in Sources */,
				10166DAD1E101C8F00627A76 /* SHA3.swift in Sources */,
				10166D9F1E101C8F00627A76 /* NoPadding.swift in Sources */,
				10166D8E1E101C8F00627A76 /* Digest.swift in Sources */,
				10166DA91E101C8F00627A76 /* RandomBytesSequence.swift in Sources */,
			);
			runOnlyForDeploymentPostprocessing = 0;
		};
/* End PBXSourcesBuildPhase section */

/* Begin XCBuildConfiguration section */
		10166D241E101C6B00627A76 /* Debug */ = {
			isa = XCBuildConfiguration;
			buildSettings = {
				ALWAYS_SEARCH_USER_PATHS = NO;
				CLANG_ANALYZER_NONNULL = YES;
				CLANG_CXX_LANGUAGE_STANDARD = "gnu++0x";
				CLANG_CXX_LIBRARY = "libc++";
				CLANG_ENABLE_MODULES = YES;
				CLANG_ENABLE_OBJC_ARC = YES;
				CLANG_WARN_BOOL_CONVERSION = YES;
				CLANG_WARN_CONSTANT_CONVERSION = YES;
				CLANG_WARN_DIRECT_OBJC_ISA_USAGE = YES_ERROR;
				CLANG_WARN_DOCUMENTATION_COMMENTS = YES;
				CLANG_WARN_EMPTY_BODY = YES;
				CLANG_WARN_ENUM_CONVERSION = YES;
				CLANG_WARN_INFINITE_RECURSION = YES;
				CLANG_WARN_INT_CONVERSION = YES;
				CLANG_WARN_OBJC_ROOT_CLASS = YES_ERROR;
				CLANG_WARN_SUSPICIOUS_MOVE = YES;
				CLANG_WARN_UNREACHABLE_CODE = YES;
				CLANG_WARN__DUPLICATE_METHOD_MATCH = YES;
				CODE_SIGN_IDENTITY = "-";
				COPY_PHASE_STRIP = NO;
				CURRENT_PROJECT_VERSION = 1;
				DEBUG_INFORMATION_FORMAT = dwarf;
				ENABLE_STRICT_OBJC_MSGSEND = YES;
				ENABLE_TESTABILITY = YES;
				GCC_C_LANGUAGE_STANDARD = gnu99;
				GCC_DYNAMIC_NO_PIC = NO;
				GCC_NO_COMMON_BLOCKS = YES;
				GCC_OPTIMIZATION_LEVEL = 0;
				GCC_PREPROCESSOR_DEFINITIONS = (
					"DEBUG=1",
					"$(inherited)",
				);
				GCC_WARN_64_TO_32_BIT_CONVERSION = YES;
				GCC_WARN_ABOUT_RETURN_TYPE = YES_ERROR;
				GCC_WARN_UNDECLARED_SELECTOR = YES;
				GCC_WARN_UNINITIALIZED_AUTOS = YES_AGGRESSIVE;
				GCC_WARN_UNUSED_FUNCTION = YES;
				GCC_WARN_UNUSED_VARIABLE = YES;
				MACOSX_DEPLOYMENT_TARGET = 10.12;
				MTL_ENABLE_DEBUG_INFO = YES;
				ONLY_ACTIVE_ARCH = YES;
				SDKROOT = macosx;
				SWIFT_ACTIVE_COMPILATION_CONDITIONS = DEBUG;
				SWIFT_OPTIMIZATION_LEVEL = "-Onone";
				VERSIONING_SYSTEM = "apple-generic";
				VERSION_INFO_PREFIX = "";
			};
			name = Debug;
		};
		10166D251E101C6B00627A76 /* Release */ = {
			isa = XCBuildConfiguration;
			buildSettings = {
				ALWAYS_SEARCH_USER_PATHS = NO;
				CLANG_ANALYZER_NONNULL = YES;
				CLANG_CXX_LANGUAGE_STANDARD = "gnu++0x";
				CLANG_CXX_LIBRARY = "libc++";
				CLANG_ENABLE_MODULES = YES;
				CLANG_ENABLE_OBJC_ARC = YES;
				CLANG_WARN_BOOL_CONVERSION = YES;
				CLANG_WARN_CONSTANT_CONVERSION = YES;
				CLANG_WARN_DIRECT_OBJC_ISA_USAGE = YES_ERROR;
				CLANG_WARN_DOCUMENTATION_COMMENTS = YES;
				CLANG_WARN_EMPTY_BODY = YES;
				CLANG_WARN_ENUM_CONVERSION = YES;
				CLANG_WARN_INFINITE_RECURSION = YES;
				CLANG_WARN_INT_CONVERSION = YES;
				CLANG_WARN_OBJC_ROOT_CLASS = YES_ERROR;
				CLANG_WARN_SUSPICIOUS_MOVE = YES;
				CLANG_WARN_UNREACHABLE_CODE = YES;
				CLANG_WARN__DUPLICATE_METHOD_MATCH = YES;
				CODE_SIGN_IDENTITY = "-";
				COPY_PHASE_STRIP = NO;
				CURRENT_PROJECT_VERSION = 1;
				DEBUG_INFORMATION_FORMAT = "dwarf-with-dsym";
				ENABLE_NS_ASSERTIONS = NO;
				ENABLE_STRICT_OBJC_MSGSEND = YES;
				GCC_C_LANGUAGE_STANDARD = gnu99;
				GCC_NO_COMMON_BLOCKS = YES;
				GCC_WARN_64_TO_32_BIT_CONVERSION = YES;
				GCC_WARN_ABOUT_RETURN_TYPE = YES_ERROR;
				GCC_WARN_UNDECLARED_SELECTOR = YES;
				GCC_WARN_UNINITIALIZED_AUTOS = YES_AGGRESSIVE;
				GCC_WARN_UNUSED_FUNCTION = YES;
				GCC_WARN_UNUSED_VARIABLE = YES;
				MACOSX_DEPLOYMENT_TARGET = 10.12;
				MTL_ENABLE_DEBUG_INFO = NO;
				SDKROOT = macosx;
				SWIFT_OPTIMIZATION_LEVEL = "-Owholemodule";
				VERSIONING_SYSTEM = "apple-generic";
				VERSION_INFO_PREFIX = "";
			};
			name = Release;
		};
		10166D271E101C6B00627A76 /* Debug */ = {
			isa = XCBuildConfiguration;
			buildSettings = {
				CLANG_ENABLE_MODULES = YES;
				CODE_SIGN_IDENTITY = "";
				COMBINE_HIDPI_IMAGES = YES;
				DEFINES_MODULE = YES;
				DEVELOPMENT_TEAM = "";
				DYLIB_COMPATIBILITY_VERSION = 1;
				DYLIB_CURRENT_VERSION = 1;
				DYLIB_INSTALL_NAME_BASE = "@rpath";
				FRAMEWORK_VERSION = A;
				INFOPLIST_FILE = MSFramework/Info.plist;
				INSTALL_PATH = "$(LOCAL_LIBRARY_DIR)/Frameworks";
				IPHONEOS_DEPLOYMENT_TARGET = 10.0;
				LD_RUNPATH_SEARCH_PATHS = "$(inherited) @executable_path/../Frameworks @loader_path/Frameworks";
				PRODUCT_BUNDLE_IDENTIFIER = com.michaelschloss.MSFramework;
				PRODUCT_NAME = "$(TARGET_NAME)";
				SDKROOT = "";
				SKIP_INSTALL = YES;
				SUPPORTED_PLATFORMS = "macosx appletvos watchos iphoneos watchsimulator iphonesimulator appletvsimulator";
				SWIFT_OPTIMIZATION_LEVEL = "-Owholemodule";
				SWIFT_VERSION = 3.0;
				TVOS_DEPLOYMENT_TARGET = 10.1;
				WATCHOS_DEPLOYMENT_TARGET = 3.1;
			};
			name = Debug;
		};
		10166D281E101C6B00627A76 /* Release */ = {
			isa = XCBuildConfiguration;
			buildSettings = {
				CLANG_ENABLE_MODULES = YES;
				CODE_SIGN_IDENTITY = "";
				COMBINE_HIDPI_IMAGES = YES;
				DEFINES_MODULE = YES;
				DEVELOPMENT_TEAM = "";
				DYLIB_COMPATIBILITY_VERSION = 1;
				DYLIB_CURRENT_VERSION = 1;
				DYLIB_INSTALL_NAME_BASE = "@rpath";
				FRAMEWORK_VERSION = A;
				INFOPLIST_FILE = MSFramework/Info.plist;
				INSTALL_PATH = "$(LOCAL_LIBRARY_DIR)/Frameworks";
				IPHONEOS_DEPLOYMENT_TARGET = 10.0;
				LD_RUNPATH_SEARCH_PATHS = "$(inherited) @executable_path/../Frameworks @loader_path/Frameworks";
				PRODUCT_BUNDLE_IDENTIFIER = com.michaelschloss.MSFramework;
				PRODUCT_NAME = "$(TARGET_NAME)";
				SDKROOT = "";
				SKIP_INSTALL = YES;
				SUPPORTED_PLATFORMS = "macosx appletvos watchos iphoneos watchsimulator iphonesimulator appletvsimulator";
				SWIFT_VERSION = 3.0;
				TVOS_DEPLOYMENT_TARGET = 10.1;
				WATCHOS_DEPLOYMENT_TARGET = 3.1;
			};
			name = Release;
		};
/* End XCBuildConfiguration section */

/* Begin XCConfigurationList section */
		10166D181E101C6B00627A76 /* Build configuration list for PBXProject "MSFramework" */ = {
			isa = XCConfigurationList;
			buildConfigurations = (
				10166D241E101C6B00627A76 /* Debug */,
				10166D251E101C6B00627A76 /* Release */,
			);
			defaultConfigurationIsVisible = 0;
			defaultConfigurationName = Release;
		};
		10166D261E101C6B00627A76 /* Build configuration list for PBXNativeTarget "MSFramework" */ = {
			isa = XCConfigurationList;
			buildConfigurations = (
				10166D271E101C6B00627A76 /* Debug */,
				10166D281E101C6B00627A76 /* Release */,
			);
			defaultConfigurationIsVisible = 0;
			defaultConfigurationName = Release;
		};
/* End XCConfigurationList section */
	};
	rootObject = 10166D151E101C6B00627A76 /* Project object */;
}
